// !$*UTF8*$!
{
	archiveVersion = 1;
	classes = {
	};
	objectVersion = 46;
	objects = {

/* Begin PBXBuildFile section */
		8913045A1BE3A871006970ED /* placeholder.png in Resources */ = {isa = PBXBuildFile; fileRef = 891304591BE3A871006970ED /* placeholder.png */; };
		8939216F1BC933AE00BEF937 /* PhotoBrowserTests.swift in Sources */ = {isa = PBXBuildFile; fileRef = 8939216E1BC933AE00BEF937 /* PhotoBrowserTests.swift */; };
		8939217A1BC933AE00BEF937 /* PhotoBrowserUITests.swift in Sources */ = {isa = PBXBuildFile; fileRef = 893921791BC933AE00BEF937 /* PhotoBrowserUITests.swift */; };
		893921931BC9340A00BEF937 /* AppDelegate.swift in Sources */ = {isa = PBXBuildFile; fileRef = 893921891BC9340A00BEF937 /* AppDelegate.swift */; };
		893921941BC9340A00BEF937 /* Assets.xcassets in Resources */ = {isa = PBXBuildFile; fileRef = 8939218A1BC9340A00BEF937 /* Assets.xcassets */; };
		893921951BC9340A00BEF937 /* LaunchScreen.storyboard in Resources */ = {isa = PBXBuildFile; fileRef = 8939218B1BC9340A00BEF937 /* LaunchScreen.storyboard */; };
		893921961BC9340A00BEF937 /* Main.storyboard in Resources */ = {isa = PBXBuildFile; fileRef = 8939218D1BC9340A00BEF937 /* Main.storyboard */; };
		893921971BC9340A00BEF937 /* Info.plist in Resources */ = {isa = PBXBuildFile; fileRef = 8939218F1BC9340A00BEF937 /* Info.plist */; };
		893921981BC9340A00BEF937 /* PhotoBrowser.xcdatamodeld in Sources */ = {isa = PBXBuildFile; fileRef = 893921901BC9340A00BEF937 /* PhotoBrowser.xcdatamodeld */; };
		8939219D1BC934E000BEF937 /* PhotoBrowserView.swift in Sources */ = {isa = PBXBuildFile; fileRef = 8939219C1BC934E000BEF937 /* PhotoBrowserView.swift */; };
		8939219F1BC938C800BEF937 /* PhotoBrowserCell.swift in Sources */ = {isa = PBXBuildFile; fileRef = 8939219E1BC938C800BEF937 /* PhotoBrowserCell.swift */; };
		893921A11BC94A4A00BEF937 /* MainViewController.swift in Sources */ = {isa = PBXBuildFile; fileRef = 893921A01BC94A4A00BEF937 /* MainViewController.swift */; };
		8951D1E51C185C6C00442646 /* RMDownloadIndicator.swift in Sources */ = {isa = PBXBuildFile; fileRef = 8951D1E41C185C6C00442646 /* RMDownloadIndicator.swift */; };
		89729B8A1C1407B9000351E4 /* BrowserCellDelegate.swift in Sources */ = {isa = PBXBuildFile; fileRef = 89729B891C1407B9000351E4 /* BrowserCellDelegate.swift */; };
		89729B901C140A54000351E4 /* PhotoBrowserCollectionCell.swift in Sources */ = {isa = PBXBuildFile; fileRef = 89729B8F1C140A54000351E4 /* PhotoBrowserCollectionCell.swift */; };
		89EF071D1BCA760700DC868C /* 2-1.jpg in Resources */ = {isa = PBXBuildFile; fileRef = 89EF07141BCA760700DC868C /* 2-1.jpg */; };
		89EF071E1BCA760700DC868C /* 2-2.jpg in Resources */ = {isa = PBXBuildFile; fileRef = 89EF07151BCA760700DC868C /* 2-2.jpg */; };
		89EF071F1BCA760700DC868C /* 2-3.jpg in Resources */ = {isa = PBXBuildFile; fileRef = 89EF07161BCA760700DC868C /* 2-3.jpg */; };
		89EF07201BCA760700DC868C /* 2-4.jpg in Resources */ = {isa = PBXBuildFile; fileRef = 89EF07171BCA760700DC868C /* 2-4.jpg */; };
		89EF07211BCA760700DC868C /* 1-1.jpg in Resources */ = {isa = PBXBuildFile; fileRef = 89EF07191BCA760700DC868C /* 1-1.jpg */; };
		89EF07221BCA760700DC868C /* 1-2.jpg in Resources */ = {isa = PBXBuildFile; fileRef = 89EF071A1BCA760700DC868C /* 1-2.jpg */; };
		89EF07231BCA760700DC868C /* 1-3.jpg in Resources */ = {isa = PBXBuildFile; fileRef = 89EF071B1BCA760700DC868C /* 1-3.jpg */; };
		89EF07241BCA760700DC868C /* 1-4.jpg in Resources */ = {isa = PBXBuildFile; fileRef = 89EF071C1BCA760700DC868C /* 1-4.jpg */; };
		F2D6C1D10E72B75D035B1A05 /* Pods.framework in Frameworks */ = {isa = PBXBuildFile; fileRef = 513D46A03EA8B0859AF66B16 /* Pods.framework */; };
/* End PBXBuildFile section */

/* Begin PBXContainerItemProxy section */
		8939216B1BC933AE00BEF937 /* PBXContainerItemProxy */ = {
			isa = PBXContainerItemProxy;
			containerPortal = 8939214B1BC933AE00BEF937 /* Project object */;
			proxyType = 1;
			remoteGlobalIDString = 893921521BC933AE00BEF937;
			remoteInfo = PhotoBrowser;
		};
		893921761BC933AE00BEF937 /* PBXContainerItemProxy */ = {
			isa = PBXContainerItemProxy;
			containerPortal = 8939214B1BC933AE00BEF937 /* Project object */;
			proxyType = 1;
			remoteGlobalIDString = 893921521BC933AE00BEF937;
			remoteInfo = PhotoBrowser;
		};
/* End PBXContainerItemProxy section */

/* Begin PBXFileReference section */
		513D46A03EA8B0859AF66B16 /* Pods.framework */ = {isa = PBXFileReference; explicitFileType = wrapper.framework; includeInIndex = 0; path = Pods.framework; sourceTree = BUILT_PRODUCTS_DIR; };
		891304591BE3A871006970ED /* placeholder.png */ = {isa = PBXFileReference; lastKnownFileType = image.png; path = placeholder.png; sourceTree = "<group>"; };
		893921531BC933AE00BEF937 /* PhotoBrowser.app */ = {isa = PBXFileReference; explicitFileType = wrapper.application; includeInIndex = 0; path = PhotoBrowser.app; sourceTree = BUILT_PRODUCTS_DIR; };
		8939216A1BC933AE00BEF937 /* PhotoBrowserTests.xctest */ = {isa = PBXFileReference; explicitFileType = wrapper.cfbundle; includeInIndex = 0; path = PhotoBrowserTests.xctest; sourceTree = BUILT_PRODUCTS_DIR; };
		8939216E1BC933AE00BEF937 /* PhotoBrowserTests.swift */ = {isa = PBXFileReference; lastKnownFileType = sourcecode.swift; path = PhotoBrowserTests.swift; sourceTree = "<group>"; };
		893921701BC933AE00BEF937 /* Info.plist */ = {isa = PBXFileReference; lastKnownFileType = text.plist.xml; path = Info.plist; sourceTree = "<group>"; };
		893921751BC933AE00BEF937 /* PhotoBrowserUITests.xctest */ = {isa = PBXFileReference; explicitFileType = wrapper.cfbundle; includeInIndex = 0; path = PhotoBrowserUITests.xctest; sourceTree = BUILT_PRODUCTS_DIR; };
		893921791BC933AE00BEF937 /* PhotoBrowserUITests.swift */ = {isa = PBXFileReference; lastKnownFileType = sourcecode.swift; path = PhotoBrowserUITests.swift; sourceTree = "<group>"; };
		8939217B1BC933AE00BEF937 /* Info.plist */ = {isa = PBXFileReference; lastKnownFileType = text.plist.xml; path = Info.plist; sourceTree = "<group>"; };
		893921891BC9340A00BEF937 /* AppDelegate.swift */ = {isa = PBXFileReference; fileEncoding = 4; lastKnownFileType = sourcecode.swift; path = AppDelegate.swift; sourceTree = "<group>"; };
		8939218A1BC9340A00BEF937 /* Assets.xcassets */ = {isa = PBXFileReference; lastKnownFileType = folder.assetcatalog; path = Assets.xcassets; sourceTree = "<group>"; };
		8939218C1BC9340A00BEF937 /* Base */ = {isa = PBXFileReference; lastKnownFileType = file.storyboard; name = Base; path = Base.lproj/LaunchScreen.storyboard; sourceTree = "<group>"; };
		8939218E1BC9340A00BEF937 /* Base */ = {isa = PBXFileReference; lastKnownFileType = file.storyboard; name = Base; path = Base.lproj/Main.storyboard; sourceTree = "<group>"; };
		8939218F1BC9340A00BEF937 /* Info.plist */ = {isa = PBXFileReference; fileEncoding = 4; lastKnownFileType = text.plist.xml; path = Info.plist; sourceTree = "<group>"; };
		893921911BC9340A00BEF937 /* PhotoBrowser.xcdatamodel */ = {isa = PBXFileReference; lastKnownFileType = wrapper.xcdatamodel; path = PhotoBrowser.xcdatamodel; sourceTree = "<group>"; };
		8939219C1BC934E000BEF937 /* PhotoBrowserView.swift */ = {isa = PBXFileReference; fileEncoding = 4; lastKnownFileType = sourcecode.swift; path = PhotoBrowserView.swift; sourceTree = "<group>"; };
		8939219E1BC938C800BEF937 /* PhotoBrowserCell.swift */ = {isa = PBXFileReference; fileEncoding = 4; lastKnownFileType = sourcecode.swift; path = PhotoBrowserCell.swift; sourceTree = "<group>"; };
		893921A01BC94A4A00BEF937 /* MainViewController.swift */ = {isa = PBXFileReference; fileEncoding = 4; lastKnownFileType = sourcecode.swift; path = MainViewController.swift; sourceTree = "<group>"; };
		8951D1E41C185C6C00442646 /* RMDownloadIndicator.swift */ = {isa = PBXFileReference; fileEncoding = 4; lastKnownFileType = sourcecode.swift; path = RMDownloadIndicator.swift; sourceTree = "<group>"; };
		89729B891C1407B9000351E4 /* BrowserCellDelegate.swift */ = {isa = PBXFileReference; fileEncoding = 4; lastKnownFileType = sourcecode.swift; path = BrowserCellDelegate.swift; sourceTree = "<group>"; };
		89729B8F1C140A54000351E4 /* PhotoBrowserCollectionCell.swift */ = {isa = PBXFileReference; fileEncoding = 4; lastKnownFileType = sourcecode.swift; path = PhotoBrowserCollectionCell.swift; sourceTree = "<group>"; };
		89EF07141BCA760700DC868C /* 2-1.jpg */ = {isa = PBXFileReference; lastKnownFileType = image.jpeg; path = "2-1.jpg"; sourceTree = "<group>"; };
		89EF07151BCA760700DC868C /* 2-2.jpg */ = {isa = PBXFileReference; lastKnownFileType = image.jpeg; path = "2-2.jpg"; sourceTree = "<group>"; };
		89EF07161BCA760700DC868C /* 2-3.jpg */ = {isa = PBXFileReference; lastKnownFileType = image.jpeg; path = "2-3.jpg"; sourceTree = "<group>"; };
		89EF07171BCA760700DC868C /* 2-4.jpg */ = {isa = PBXFileReference; lastKnownFileType = image.jpeg; path = "2-4.jpg"; sourceTree = "<group>"; };
		89EF07191BCA760700DC868C /* 1-1.jpg */ = {isa = PBXFileReference; lastKnownFileType = image.jpeg; path = "1-1.jpg"; sourceTree = "<group>"; };
		89EF071A1BCA760700DC868C /* 1-2.jpg */ = {isa = PBXFileReference; lastKnownFileType = image.jpeg; path = "1-2.jpg"; sourceTree = "<group>"; };
		89EF071B1BCA760700DC868C /* 1-3.jpg */ = {isa = PBXFileReference; lastKnownFileType = image.jpeg; path = "1-3.jpg"; sourceTree = "<group>"; };
		89EF071C1BCA760700DC868C /* 1-4.jpg */ = {isa = PBXFileReference; lastKnownFileType = image.jpeg; path = "1-4.jpg"; sourceTree = "<group>"; };
		A75E477D8E738C68DE3DDA4A /* Pods.release.xcconfig */ = {isa = PBXFileReference; includeInIndex = 1; lastKnownFileType = text.xcconfig; name = Pods.release.xcconfig; path = "Pods/Target Support Files/Pods/Pods.release.xcconfig"; sourceTree = "<group>"; };
		E3F12072BC1C72528A5D0B30 /* Pods.debug.xcconfig */ = {isa = PBXFileReference; includeInIndex = 1; lastKnownFileType = text.xcconfig; name = Pods.debug.xcconfig; path = "Pods/Target Support Files/Pods/Pods.debug.xcconfig"; sourceTree = "<group>"; };
/* End PBXFileReference section */

/* Begin PBXFrameworksBuildPhase section */
		893921501BC933AE00BEF937 /* Frameworks */ = {
			isa = PBXFrameworksBuildPhase;
			buildActionMask = 2147483647;
			files = (
				F2D6C1D10E72B75D035B1A05 /* Pods.framework in Frameworks */,
			);
			runOnlyForDeploymentPostprocessing = 0;
		};
		893921671BC933AE00BEF937 /* Frameworks */ = {
			isa = PBXFrameworksBuildPhase;
			buildActionMask = 2147483647;
			files = (
			);
			runOnlyForDeploymentPostprocessing = 0;
		};
		893921721BC933AE00BEF937 /* Frameworks */ = {
			isa = PBXFrameworksBuildPhase;
			buildActionMask = 2147483647;
			files = (
			);
			runOnlyForDeploymentPostprocessing = 0;
		};
/* End PBXFrameworksBuildPhase section */

/* Begin PBXGroup section */
		86E5AE40015E71BE448C57A4 /* Pods */ = {
			isa = PBXGroup;
			children = (
				E3F12072BC1C72528A5D0B30 /* Pods.debug.xcconfig */,
				A75E477D8E738C68DE3DDA4A /* Pods.release.xcconfig */,
			);
			name = Pods;
			sourceTree = "<group>";
		};
		891304561BE3A6A8006970ED /* Placeholder */ = {
			isa = PBXGroup;
			children = (
				891304591BE3A871006970ED /* placeholder.png */,
			);
			name = Placeholder;
			sourceTree = "<group>";
		};
		8939214A1BC933AE00BEF937 = {
			isa = PBXGroup;
			children = (
				893921881BC9340A00BEF937 /* PhotoBrowser */,
				8939216D1BC933AE00BEF937 /* PhotoBrowserTests */,
				893921781BC933AE00BEF937 /* PhotoBrowserUITests */,
				893921541BC933AE00BEF937 /* Products */,
				86E5AE40015E71BE448C57A4 /* Pods */,
				EB2632F41C6D1F8086D9309A /* Frameworks */,
			);
			sourceTree = "<group>";
		};
		893921541BC933AE00BEF937 /* Products */ = {
			isa = PBXGroup;
			children = (
				893921531BC933AE00BEF937 /* PhotoBrowser.app */,
				8939216A1BC933AE00BEF937 /* PhotoBrowserTests.xctest */,
				893921751BC933AE00BEF937 /* PhotoBrowserUITests.xctest */,
			);
			name = Products;
			sourceTree = "<group>";
		};
		8939216D1BC933AE00BEF937 /* PhotoBrowserTests */ = {
			isa = PBXGroup;
			children = (
				8939216E1BC933AE00BEF937 /* PhotoBrowserTests.swift */,
				893921701BC933AE00BEF937 /* Info.plist */,
			);
			path = PhotoBrowserTests;
			sourceTree = "<group>";
		};
		893921781BC933AE00BEF937 /* PhotoBrowserUITests */ = {
			isa = PBXGroup;
			children = (
				893921791BC933AE00BEF937 /* PhotoBrowserUITests.swift */,
				8939217B1BC933AE00BEF937 /* Info.plist */,
			);
			path = PhotoBrowserUITests;
			sourceTree = "<group>";
		};
		893921881BC9340A00BEF937 /* PhotoBrowser */ = {
			isa = PBXGroup;
			children = (
				891304561BE3A6A8006970ED /* Placeholder */,
				89EF07131BCA760700DC868C /* LocalImage */,
				89EF07181BCA760700DC868C /* LocalThumbImage */,
				8939219B1BC934B400BEF937 /* Browser */,
				893921891BC9340A00BEF937 /* AppDelegate.swift */,
				8939218A1BC9340A00BEF937 /* Assets.xcassets */,
				8939218B1BC9340A00BEF937 /* LaunchScreen.storyboard */,
				8939218D1BC9340A00BEF937 /* Main.storyboard */,
				8939218F1BC9340A00BEF937 /* Info.plist */,
				893921901BC9340A00BEF937 /* PhotoBrowser.xcdatamodeld */,
				893921A01BC94A4A00BEF937 /* MainViewController.swift */,
				89729B8F1C140A54000351E4 /* PhotoBrowserCollectionCell.swift */,
			);
			path = PhotoBrowser;
			sourceTree = "<group>";
		};
		8939219B1BC934B400BEF937 /* Browser */ = {
			isa = PBXGroup;
			children = (
				8939219C1BC934E000BEF937 /* PhotoBrowserView.swift */,
				8939219E1BC938C800BEF937 /* PhotoBrowserCell.swift */,
				89729B891C1407B9000351E4 /* BrowserCellDelegate.swift */,
				8951D1E41C185C6C00442646 /* RMDownloadIndicator.swift */,
			);
			path = Browser;
			sourceTree = "<group>";
		};
		89EF07131BCA760700DC868C /* LocalImage */ = {
			isa = PBXGroup;
			children = (
				89EF07141BCA760700DC868C /* 2-1.jpg */,
				89EF07151BCA760700DC868C /* 2-2.jpg */,
				89EF07161BCA760700DC868C /* 2-3.jpg */,
				89EF07171BCA760700DC868C /* 2-4.jpg */,
			);
			path = LocalImage;
			sourceTree = "<group>";
		};
		89EF07181BCA760700DC868C /* LocalThumbImage */ = {
			isa = PBXGroup;
			children = (
				89EF07191BCA760700DC868C /* 1-1.jpg */,
				89EF071A1BCA760700DC868C /* 1-2.jpg */,
				89EF071B1BCA760700DC868C /* 1-3.jpg */,
				89EF071C1BCA760700DC868C /* 1-4.jpg */,
			);
			path = LocalThumbImage;
			sourceTree = "<group>";
		};
		EB2632F41C6D1F8086D9309A /* Frameworks */ = {
			isa = PBXGroup;
			children = (
				513D46A03EA8B0859AF66B16 /* Pods.framework */,
			);
			name = Frameworks;
			sourceTree = "<group>";
		};
/* End PBXGroup section */

/* Begin PBXNativeTarget section */
		893921521BC933AE00BEF937 /* PhotoBrowser */ = {
			isa = PBXNativeTarget;
			buildConfigurationList = 8939217E1BC933AE00BEF937 /* Build configuration list for PBXNativeTarget "PhotoBrowser" */;
			buildPhases = (
				CA11AA7C49116E841622729D /* Check Pods Manifest.lock */,
				8939214F1BC933AE00BEF937 /* Sources */,
				893921501BC933AE00BEF937 /* Frameworks */,
				893921511BC933AE00BEF937 /* Resources */,
				1FBF227256C9F43EDB3AB06A /* Embed Pods Frameworks */,
				9442FAAA10F60D8AC9B68627 /* Copy Pods Resources */,
			);
			buildRules = (
			);
			dependencies = (
			);
			name = PhotoBrowser;
			productName = PhotoBrowser;
			productReference = 893921531BC933AE00BEF937 /* PhotoBrowser.app */;
			productType = "com.apple.product-type.application";
		};
		893921691BC933AE00BEF937 /* PhotoBrowserTests */ = {
			isa = PBXNativeTarget;
			buildConfigurationList = 893921811BC933AE00BEF937 /* Build configuration list for PBXNativeTarget "PhotoBrowserTests" */;
			buildPhases = (
				893921661BC933AE00BEF937 /* Sources */,
				893921671BC933AE00BEF937 /* Frameworks */,
				893921681BC933AE00BEF937 /* Resources */,
			);
			buildRules = (
			);
			dependencies = (
				8939216C1BC933AE00BEF937 /* PBXTargetDependency */,
			);
			name = PhotoBrowserTests;
			productName = PhotoBrowserTests;
			productReference = 8939216A1BC933AE00BEF937 /* PhotoBrowserTests.xctest */;
			productType = "com.apple.product-type.bundle.unit-test";
		};
		893921741BC933AE00BEF937 /* PhotoBrowserUITests */ = {
			isa = PBXNativeTarget;
			buildConfigurationList = 893921841BC933AE00BEF937 /* Build configuration list for PBXNativeTarget "PhotoBrowserUITests" */;
			buildPhases = (
				893921711BC933AE00BEF937 /* Sources */,
				893921721BC933AE00BEF937 /* Frameworks */,
				893921731BC933AE00BEF937 /* Resources */,
			);
			buildRules = (
			);
			dependencies = (
				893921771BC933AE00BEF937 /* PBXTargetDependency */,
			);
			name = PhotoBrowserUITests;
			productName = PhotoBrowserUITests;
			productReference = 893921751BC933AE00BEF937 /* PhotoBrowserUITests.xctest */;
			productType = "com.apple.product-type.bundle.ui-testing";
		};
/* End PBXNativeTarget section */

/* Begin PBXProject section */
		8939214B1BC933AE00BEF937 /* Project object */ = {
			isa = PBXProject;
			attributes = {
				LastUpgradeCheck = 0700;
				ORGANIZATIONNAME = lu;
				TargetAttributes = {
					893921521BC933AE00BEF937 = {
						CreatedOnToolsVersion = 7.0.1;
						DevelopmentTeam = 557XX2G4GZ;
					};
					893921691BC933AE00BEF937 = {
						CreatedOnToolsVersion = 7.0.1;
						TestTargetID = 893921521BC933AE00BEF937;
					};
					893921741BC933AE00BEF937 = {
						CreatedOnToolsVersion = 7.0.1;
						TestTargetID = 893921521BC933AE00BEF937;
					};
				};
			};
			buildConfigurationList = 8939214E1BC933AE00BEF937 /* Build configuration list for PBXProject "PhotoBrowser" */;
			compatibilityVersion = "Xcode 3.2";
			developmentRegion = English;
			hasScannedForEncodings = 0;
			knownRegions = (
				en,
				Base,
			);
			mainGroup = 8939214A1BC933AE00BEF937;
			productRefGroup = 893921541BC933AE00BEF937 /* Products */;
			projectDirPath = "";
			projectRoot = "";
			targets = (
				893921521BC933AE00BEF937 /* PhotoBrowser */,
				893921691BC933AE00BEF937 /* PhotoBrowserTests */,
				893921741BC933AE00BEF937 /* PhotoBrowserUITests */,
			);
		};
/* End PBXProject section */

/* Begin PBXResourcesBuildPhase section */
		893921511BC933AE00BEF937 /* Resources */ = {
			isa = PBXResourcesBuildPhase;
			buildActionMask = 2147483647;
			files = (
				89EF07241BCA760700DC868C /* 1-4.jpg in Resources */,
				89EF07231BCA760700DC868C /* 1-3.jpg in Resources */,
				89EF07221BCA760700DC868C /* 1-2.jpg in Resources */,
				8913045A1BE3A871006970ED /* placeholder.png in Resources */,
				893921971BC9340A00BEF937 /* Info.plist in Resources */,
				89EF07201BCA760700DC868C /* 2-4.jpg in Resources */,
				89EF071F1BCA760700DC868C /* 2-3.jpg in Resources */,
				893921961BC9340A00BEF937 /* Main.storyboard in Resources */,
				89EF071D1BCA760700DC868C /* 2-1.jpg in Resources */,
				89EF071E1BCA760700DC868C /* 2-2.jpg in Resources */,
				89EF07211BCA760700DC868C /* 1-1.jpg in Resources */,
				893921941BC9340A00BEF937 /* Assets.xcassets in Resources */,
				893921951BC9340A00BEF937 /* LaunchScreen.storyboard in Resources */,
			);
			runOnlyForDeploymentPostprocessing = 0;
		};
		893921681BC933AE00BEF937 /* Resources */ = {
			isa = PBXResourcesBuildPhase;
			buildActionMask = 2147483647;
			files = (
			);
			runOnlyForDeploymentPostprocessing = 0;
		};
		893921731BC933AE00BEF937 /* Resources */ = {
			isa = PBXResourcesBuildPhase;
			buildActionMask = 2147483647;
			files = (
			);
			runOnlyForDeploymentPostprocessing = 0;
		};
/* End PBXResourcesBuildPhase section */

/* Begin PBXShellScriptBuildPhase section */
		1FBF227256C9F43EDB3AB06A /* Embed Pods Frameworks */ = {
			isa = PBXShellScriptBuildPhase;
			buildActionMask = 2147483647;
			files = (
			);
			inputPaths = (
			);
			name = "Embed Pods Frameworks";
			outputPaths = (
			);
			runOnlyForDeploymentPostprocessing = 0;
			shellPath = /bin/sh;
			shellScript = "\"${SRCROOT}/Pods/Target Support Files/Pods/Pods-frameworks.sh\"\n";
			showEnvVarsInLog = 0;
		};
		9442FAAA10F60D8AC9B68627 /* Copy Pods Resources */ = {
			isa = PBXShellScriptBuildPhase;
			buildActionMask = 2147483647;
			files = (
			);
			inputPaths = (
			);
			name = "Copy Pods Resources";
			outputPaths = (
			);
			runOnlyForDeploymentPostprocessing = 0;
			shellPath = /bin/sh;
			shellScript = "\"${SRCROOT}/Pods/Target Support Files/Pods/Pods-resources.sh\"\n";
			showEnvVarsInLog = 0;
		};
		CA11AA7C49116E841622729D /* Check Pods Manifest.lock */ = {
			isa = PBXShellScriptBuildPhase;
			buildActionMask = 2147483647;
			files = (
			);
			inputPaths = (
			);
			name = "Check Pods Manifest.lock";
			outputPaths = (
			);
			runOnlyForDeploymentPostprocessing = 0;
			shellPath = /bin/sh;
			shellScript = "diff \"${PODS_ROOT}/../Podfile.lock\" \"${PODS_ROOT}/Manifest.lock\" > /dev/null\nif [[ $? != 0 ]] ; then\n    cat << EOM\nerror: The sandbox is not in sync with the Podfile.lock. Run 'pod install' or update your CocoaPods installation.\nEOM\n    exit 1\nfi\n";
			showEnvVarsInLog = 0;
		};
/* End PBXShellScriptBuildPhase section */

/* Begin PBXSourcesBuildPhase section */
		8939214F1BC933AE00BEF937 /* Sources */ = {
			isa = PBXSourcesBuildPhase;
			buildActionMask = 2147483647;
			files = (
				8939219F1BC938C800BEF937 /* PhotoBrowserCell.swift in Sources */,
				8939219D1BC934E000BEF937 /* PhotoBrowserView.swift in Sources */,
				893921931BC9340A00BEF937 /* AppDelegate.swift in Sources */,
				89729B901C140A54000351E4 /* PhotoBrowserCollectionCell.swift in Sources */,
				893921981BC9340A00BEF937 /* PhotoBrowser.xcdatamodeld in Sources */,
				89729B8A1C1407B9000351E4 /* BrowserCellDelegate.swift in Sources */,
				893921A11BC94A4A00BEF937 /* MainViewController.swift in Sources */,
				8951D1E51C185C6C00442646 /* RMDownloadIndicator.swift in Sources */,
			);
			runOnlyForDeploymentPostprocessing = 0;
		};
		893921661BC933AE00BEF937 /* Sources */ = {
			isa = PBXSourcesBuildPhase;
			buildActionMask = 2147483647;
			files = (
				8939216F1BC933AE00BEF937 /* PhotoBrowserTests.swift in Sources */,
			);
			runOnlyForDeploymentPostprocessing = 0;
		};
		893921711BC933AE00BEF937 /* Sources */ = {
			isa = PBXSourcesBuildPhase;
			buildActionMask = 2147483647;
			files = (
				8939217A1BC933AE00BEF937 /* PhotoBrowserUITests.swift in Sources */,
			);
			runOnlyForDeploymentPostprocessing = 0;
		};
/* End PBXSourcesBuildPhase section */

/* Begin PBXTargetDependency section */
		8939216C1BC933AE00BEF937 /* PBXTargetDependency */ = {
			isa = PBXTargetDependency;
			target = 893921521BC933AE00BEF937 /* PhotoBrowser */;
			targetProxy = 8939216B1BC933AE00BEF937 /* PBXContainerItemProxy */;
		};
		893921771BC933AE00BEF937 /* PBXTargetDependency */ = {
			isa = PBXTargetDependency;
			target = 893921521BC933AE00BEF937 /* PhotoBrowser */;
			targetProxy = 893921761BC933AE00BEF937 /* PBXContainerItemProxy */;
		};
/* End PBXTargetDependency section */

/* Begin PBXVariantGroup section */
		8939218B1BC9340A00BEF937 /* LaunchScreen.storyboard */ = {
			isa = PBXVariantGroup;
			children = (
				8939218C1BC9340A00BEF937 /* Base */,
			);
			name = LaunchScreen.storyboard;
			sourceTree = "<group>";
		};
		8939218D1BC9340A00BEF937 /* Main.storyboard */ = {
			isa = PBXVariantGroup;
			children = (
				8939218E1BC9340A00BEF937 /* Base */,
			);
			name = Main.storyboard;
			sourceTree = "<group>";
		};
/* End PBXVariantGroup section */

/* Begin XCBuildConfiguration section */
		8939217C1BC933AE00BEF937 /* Debug */ = {
			isa = XCBuildConfiguration;
			buildSettings = {
				ALWAYS_SEARCH_USER_PATHS = NO;
				CLANG_CXX_LANGUAGE_STANDARD = "gnu++0x";
				CLANG_CXX_LIBRARY = "libc++";
				CLANG_ENABLE_MODULES = YES;
				CLANG_ENABLE_OBJC_ARC = YES;
				CLANG_WARN_BOOL_CONVERSION = YES;
				CLANG_WARN_CONSTANT_CONVERSION = YES;
				CLANG_WARN_DIRECT_OBJC_ISA_USAGE = YES_ERROR;
				CLANG_WARN_EMPTY_BODY = YES;
				CLANG_WARN_ENUM_CONVERSION = YES;
				CLANG_WARN_INT_CONVERSION = YES;
				CLANG_WARN_OBJC_ROOT_CLASS = YES_ERROR;
				CLANG_WARN_UNREACHABLE_CODE = YES;
				CLANG_WARN__DUPLICATE_METHOD_MATCH = YES;
				"CODE_SIGN_IDENTITY[sdk=iphoneos*]" = "iPhone Developer";
				COPY_PHASE_STRIP = NO;
				DEBUG_INFORMATION_FORMAT = dwarf;
				ENABLE_STRICT_OBJC_MSGSEND = YES;
				ENABLE_TESTABILITY = YES;
				GCC_C_LANGUAGE_STANDARD = gnu99;
				GCC_DYNAMIC_NO_PIC = NO;
				GCC_NO_COMMON_BLOCKS = YES;
				GCC_OPTIMIZATION_LEVEL = 0;
				GCC_PREPROCESSOR_DEFINITIONS = (
					"DEBUG=1",
					"$(inherited)",
				);
				GCC_WARN_64_TO_32_BIT_CONVERSION = YES;
				GCC_WARN_ABOUT_RETURN_TYPE = YES_ERROR;
				GCC_WARN_UNDECLARED_SELECTOR = YES;
				GCC_WARN_UNINITIALIZED_AUTOS = YES_AGGRESSIVE;
				GCC_WARN_UNUSED_FUNCTION = YES;
				GCC_WARN_UNUSED_VARIABLE = YES;
				IPHONEOS_DEPLOYMENT_TARGET = 9.0;
				MTL_ENABLE_DEBUG_INFO = YES;
				ONLY_ACTIVE_ARCH = YES;
				SDKROOT = iphoneos;
				SWIFT_OPTIMIZATION_LEVEL = "-Onone";
			};
			name = Debug;
		};
		8939217D1BC933AE00BEF937 /* Release */ = {
			isa = XCBuildConfiguration;
			buildSettings = {
				ALWAYS_SEARCH_USER_PATHS = NO;
				CLANG_CXX_LANGUAGE_STANDARD = "gnu++0x";
				CLANG_CXX_LIBRARY = "libc++";
				CLANG_ENABLE_MODULES = YES;
				CLANG_ENABLE_OBJC_ARC = YES;
				CLANG_WARN_BOOL_CONVERSION = YES;
				CLANG_WARN_CONSTANT_CONVERSION = YES;
				CLANG_WARN_DIRECT_OBJC_ISA_USAGE = YES_ERROR;
				CLANG_WARN_EMPTY_BODY = YES;
				CLANG_WARN_ENUM_CONVERSION = YES;
				CLANG_WARN_INT_CONVERSION = YES;
				CLANG_WARN_OBJC_ROOT_CLASS = YES_ERROR;
				CLANG_WARN_UNREACHABLE_CODE = YES;
				CLANG_WARN__DUPLICATE_METHOD_MATCH = YES;
				"CODE_SIGN_IDENTITY[sdk=iphoneos*]" = "iPhone Developer";
				COPY_PHASE_STRIP = NO;
				DEBUG_INFORMATION_FORMAT = "dwarf-with-dsym";
				ENABLE_NS_ASSERTIONS = NO;
				ENABLE_STRICT_OBJC_MSGSEND = YES;
				GCC_C_LANGUAGE_STANDARD = gnu99;
				GCC_NO_COMMON_BLOCKS = YES;
				GCC_WARN_64_TO_32_BIT_CONVERSION = YES;
				GCC_WARN_ABOUT_RETURN_TYPE = YES_ERROR;
				GCC_WARN_UNDECLARED_SELECTOR = YES;
				GCC_WARN_UNINITIALIZED_AUTOS = YES_AGGRESSIVE;
				GCC_WARN_UNUSED_FUNCTION = YES;
				GCC_WARN_UNUSED_VARIABLE = YES;
				IPHONEOS_DEPLOYMENT_TARGET = 9.0;
				MTL_ENABLE_DEBUG_INFO = NO;
				SDKROOT = iphoneos;
				VALIDATE_PRODUCT = YES;
			};
			name = Release;
		};
		8939217F1BC933AE00BEF937 /* Debug */ = {
			isa = XCBuildConfiguration;
			baseConfigurationReference = E3F12072BC1C72528A5D0B30 /* Pods.debug.xcconfig */;
			buildSettings = {
				ASSETCATALOG_COMPILER_APPICON_NAME = AppIcon;
				CODE_SIGN_IDENTITY = "iPhone Developer";
				INFOPLIST_FILE = PhotoBrowser/Info.plist;
				LD_RUNPATH_SEARCH_PATHS = "$(inherited) @executable_path/Frameworks";
				PRODUCT_BUNDLE_IDENTIFIER = com.lu.free.test;
				PRODUCT_NAME = "$(TARGET_NAME)";
				SWIFT_OBJC_BRIDGING_HEADER = "";
			};
			name = Debug;
		};
		893921801BC933AE00BEF937 /* Release */ = {
			isa = XCBuildConfiguration;
			baseConfigurationReference = A75E477D8E738C68DE3DDA4A /* Pods.release.xcconfig */;
			buildSettings = {
				ASSETCATALOG_COMPILER_APPICON_NAME = AppIcon;
				CODE_SIGN_IDENTITY = "iPhone Developer";
				INFOPLIST_FILE = PhotoBrowser/Info.plist;
				LD_RUNPATH_SEARCH_PATHS = "$(inherited) @executable_path/Frameworks";
				PRODUCT_BUNDLE_IDENTIFIER = com.lu.free.test;
				PRODUCT_NAME = "$(TARGET_NAME)";
				SWIFT_OBJC_BRIDGING_HEADER = "";
			};
			name = Release;
		};
		893921821BC933AE00BEF937 /* Debug */ = {
			isa = XCBuildConfiguration;
			buildSettings = {
				BUNDLE_LOADER = "$(TEST_HOST)";
				INFOPLIST_FILE = PhotoBrowserTests/Info.plist;
				LD_RUNPATH_SEARCH_PATHS = "$(inherited) @executable_path/Frameworks @loader_path/Frameworks";
				PRODUCT_BUNDLE_IDENTIFIER = com.lu.free.photobrowser.PhotoBrowserTests;
				PRODUCT_NAME = "$(TARGET_NAME)";
				TEST_HOST = "$(BUILT_PRODUCTS_DIR)/PhotoBrowser.app/PhotoBrowser";
			};
			name = Debug;
		};
		893921831BC933AE00BEF937 /* Release */ = {
			isa = XCBuildConfiguration;
			buildSettings = {
				BUNDLE_LOADER = "$(TEST_HOST)";
				INFOPLIST_FILE = PhotoBrowserTests/Info.plist;
				LD_RUNPATH_SEARCH_PATHS = "$(inherited) @executable_path/Frameworks @loader_path/Frameworks";
				PRODUCT_BUNDLE_IDENTIFIER = com.lu.free.photobrowser.PhotoBrowserTests;
				PRODUCT_NAME = "$(TARGET_NAME)";
				TEST_HOST = "$(BUILT_PRODUCTS_DIR)/PhotoBrowser.app/PhotoBrowser";
			};
			name = Release;
		};
		893921851BC933AE00BEF937 /* Debug */ = {
			isa = XCBuildConfiguration;
			buildSettings = {
				INFOPLIST_FILE = PhotoBrowserUITests/Info.plist;
				LD_RUNPATH_SEARCH_PATHS = "$(inherited) @executable_path/Frameworks @loader_path/Frameworks";
				PRODUCT_BUNDLE_IDENTIFIER = com.lu.free.photobrowser.PhotoBrowserUITests;
				PRODUCT_NAME = "$(TARGET_NAME)";
				TEST_TARGET_NAME = PhotoBrowser;
				USES_XCTRUNNER = YES;
			};
			name = Debug;
		};
		893921861BC933AE00BEF937 /* Release */ = {
			isa = XCBuildConfiguration;
			buildSettings = {
				INFOPLIST_FILE = PhotoBrowserUITests/Info.plist;
				LD_RUNPATH_SEARCH_PATHS = "$(inherited) @executable_path/Frameworks @loader_path/Frameworks";
				PRODUCT_BUNDLE_IDENTIFIER = com.lu.free.photobrowser.PhotoBrowserUITests;
				PRODUCT_NAME = "$(TARGET_NAME)";
				TEST_TARGET_NAME = PhotoBrowser;
				USES_XCTRUNNER = YES;
			};
			name = Release;
		};
/* End XCBuildConfiguration section */

/* Begin XCConfigurationList section */
		8939214E1BC933AE00BEF937 /* Build configuration list for PBXProject "PhotoBrowser" */ = {
			isa = XCConfigurationList;
			buildConfigurations = (
				8939217C1BC933AE00BEF937 /* Debug */,
				8939217D1BC933AE00BEF937 /* Release */,
			);
			defaultConfigurationIsVisible = 0;
			defaultConfigurationName = Release;
		};
		8939217E1BC933AE00BEF937 /* Build configuration list for PBXNativeTarget "PhotoBrowser" */ = {
			isa = XCConfigurationList;
			buildConfigurations = (
				8939217F1BC933AE00BEF937 /* Debug */,
				893921801BC933AE00BEF937 /* Release */,
			);
			defaultConfigurationIsVisible = 0;
			defaultConfigurationName = Release;
		};
		893921811BC933AE00BEF937 /* Build configuration list for PBXNativeTarget "PhotoBrowserTests" */ = {
			isa = XCConfigurationList;
			buildConfigurations = (
				893921821BC933AE00BEF937 /* Debug */,
				893921831BC933AE00BEF937 /* Release */,
			);
			defaultConfigurationIsVisible = 0;
			defaultConfigurationName = Release;
		};
		893921841BC933AE00BEF937 /* Build configuration list for PBXNativeTarget "PhotoBrowserUITests" */ = {
			isa = XCConfigurationList;
			buildConfigurations = (
				893921851BC933AE00BEF937 /* Debug */,
				893921861BC933AE00BEF937 /* Release */,
			);
			defaultConfigurationIsVisible = 0;
			defaultConfigurationName = Release;
		};
/* End XCConfigurationList section */

/* Begin XCVersionGroup section */
		893921901BC9340A00BEF937 /* PhotoBrowser.xcdatamodeld */ = {
			isa = XCVersionGroup;
			children = (
				893921911BC9340A00BEF937 /* PhotoBrowser.xcdatamodel */,
			);
			currentVersion = 893921911BC9340A00BEF937 /* PhotoBrowser.xcdatamodel */;
			path = PhotoBrowser.xcdatamodeld;
			sourceTree = "<group>";
			versionGroupType = wrapper.xcdatamodel;
		};
/* End XCVersionGroup section */
	};
	rootObject = 8939214B1BC933AE00BEF937 /* Project object */;
}
